
Microsoft Visual Studio Solution File, Format Version 12.00
# Visual Studio Version 16
VisualStudioVersion = 16.0.30204.135
MinimumVisualStudioVersion = 10.0.40219.1
Project("{2150E333-8FDC-42A3-9474-1A3956D46DE8}") = "MicroServices", "MicroServices", "{04365CD9-2348-420B-B3F9-441E02D45424}"
EndProject
Project("{9A19103F-16F7-4668-BE54-9A1E7A4F7556}") = "OcelotApiGateway", "OcelotApiGateway\OcelotApiGateway.csproj", "{89347527-4473-4118-9B8D-FD313925D6F9}"
EndProject
Project("{2150E333-8FDC-42A3-9474-1A3956D46DE8}") = "ClassLibraries", "ClassLibraries", "{3C65B4DD-E8BA-40C4-9FF1-F40AD6144429}"
EndProject
Project("{2150E333-8FDC-42A3-9474-1A3956D46DE8}") = "Framework", "Framework", "{76EF7128-3FEC-474F-9B95-C6BC94E9EEEF}"
EndProject
Project("{9A19103F-16F7-4668-BE54-9A1E7A4F7556}") = "Framework.Core", "Framework\Framework.Core\Framework.Core.csproj", "{597F28DD-82AA-4558-A2B0-718EF3EE85F6}"
EndProject
Project("{9A19103F-16F7-4668-BE54-9A1E7A4F7556}") = "Framework.Constants", "Framework\Framework.Constants\Framework.Constants.csproj", "{ECE30D29-4B1F-4729-BEAA-B3B3D50C6785}"
EndProject
Project("{2150E333-8FDC-42A3-9474-1A3956D46DE8}") = "FlightAction", "FlightAction", "{FB57AB9D-7A2D-4203-8589-A38766520537}"
EndProject
Project("{2150E333-8FDC-42A3-9474-1A3956D46DE8}") = "Authentication", "Authentication", "{6C7A987C-2227-4FF1-AE6B-DD1F5AFDC6B6}"
EndProject
Project("{9A19103F-16F7-4668-BE54-9A1E7A4F7556}") = "Authentication.Core", "MicroServices\Authentication\Authentication.Core\Authentication.Core.csproj", "{91CE0D25-688A-4956-BDCF-3F71F0B55DF0}"
EndProject
Project("{9A19103F-16F7-4668-BE54-9A1E7A4F7556}") = "Authentication.MicroService", "MicroServices\Authentication\Authentication.MicroService\Authentication.MicroService.csproj", "{954C126C-5971-4DA6-B2E6-47A49B4DCFF7}"
EndProject
Project("{9A19103F-16F7-4668-BE54-9A1E7A4F7556}") = "Authentication.Repository", "MicroServices\Authentication\Authentication.Repository\Authentication.Repository.csproj", "{F53A092B-F67A-4617-801F-57F0C48667B9}"
EndProject
Project("{9A19103F-16F7-4668-BE54-9A1E7A4F7556}") = "FlightAction.Core", "MicroServices\FlightAction\FlightAction.Core\FlightAction.Core.csproj", "{92103DAB-C089-4EC3-B30C-5B6190FB8576}"
EndProject
Project("{9A19103F-16F7-4668-BE54-9A1E7A4F7556}") = "FlightAction.MicroService", "MicroServices\FlightAction\FlightAction.MicroService\FlightAction.MicroService.csproj", "{2E32A6E6-F93A-4555-88D4-519B27CAEC96}"
EndProject
Project("{9A19103F-16F7-4668-BE54-9A1E7A4F7556}") = "FlightAction.Repository", "MicroServices\FlightAction\FlightAction.Repository\FlightAction.Repository.csproj", "{5DE50A16-8EC9-4173-BCEB-2FEEE734621D}"
EndProject
Global
	GlobalSection(SolutionConfigurationPlatforms) = preSolution
		Debug|Any CPU = Debug|Any CPU
		Release|Any CPU = Release|Any CPU
	EndGlobalSection
	GlobalSection(ProjectConfigurationPlatforms) = postSolution
		{89347527-4473-4118-9B8D-FD313925D6F9}.Debug|Any CPU.ActiveCfg = Debug|Any CPU
		{89347527-4473-4118-9B8D-FD313925D6F9}.Debug|Any CPU.Build.0 = Debug|Any CPU
		{89347527-4473-4118-9B8D-FD313925D6F9}.Release|Any CPU.ActiveCfg = Release|Any CPU
		{89347527-4473-4118-9B8D-FD313925D6F9}.Release|Any CPU.Build.0 = Release|Any CPU
		{597F28DD-82AA-4558-A2B0-718EF3EE85F6}.Debug|Any CPU.ActiveCfg = Debug|Any CPU
		{597F28DD-82AA-4558-A2B0-718EF3EE85F6}.Debug|Any CPU.Build.0 = Debug|Any CPU
		{597F28DD-82AA-4558-A2B0-718EF3EE85F6}.Release|Any CPU.ActiveCfg = Release|Any CPU
		{597F28DD-82AA-4558-A2B0-718EF3EE85F6}.Release|Any CPU.Build.0 = Release|Any CPU
		{ECE30D29-4B1F-4729-BEAA-B3B3D50C6785}.Debug|Any CPU.ActiveCfg = Debug|Any CPU
		{ECE30D29-4B1F-4729-BEAA-B3B3D50C6785}.Debug|Any CPU.Build.0 = Debug|Any CPU
		{ECE30D29-4B1F-4729-BEAA-B3B3D50C6785}.Release|Any CPU.ActiveCfg = Release|Any CPU
		{ECE30D29-4B1F-4729-BEAA-B3B3D50C6785}.Release|Any CPU.Build.0 = Release|Any CPU
		{91CE0D25-688A-4956-BDCF-3F71F0B55DF0}.Debug|Any CPU.ActiveCfg = Debug|Any CPU
		{91CE0D25-688A-4956-BDCF-3F71F0B55DF0}.Debug|Any CPU.Build.0 = Debug|Any CPU
		{91CE0D25-688A-4956-BDCF-3F71F0B55DF0}.Release|Any CPU.ActiveCfg = Release|Any CPU
		{91CE0D25-688A-4956-BDCF-3F71F0B55DF0}.Release|Any CPU.Build.0 = Release|Any CPU
		{954C126C-5971-4DA6-B2E6-47A49B4DCFF7}.Debug|Any CPU.ActiveCfg = Debug|Any CPU
		{954C126C-5971-4DA6-B2E6-47A49B4DCFF7}.Debug|Any CPU.Build.0 = Debug|Any CPU
		{954C126C-5971-4DA6-B2E6-47A49B4DCFF7}.Release|Any CPU.ActiveCfg = Release|Any CPU
		{954C126C-5971-4DA6-B2E6-47A49B4DCFF7}.Release|Any CPU.Build.0 = Release|Any CPU
		{F53A092B-F67A-4617-801F-57F0C48667B9}.Debug|Any CPU.ActiveCfg = Debug|Any CPU
		{F53A092B-F67A-4617-801F-57F0C48667B9}.Debug|Any CPU.Build.0 = Debug|Any CPU
		{F53A092B-F67A-4617-801F-57F0C48667B9}.Release|Any CPU.ActiveCfg = Release|Any CPU
		{F53A092B-F67A-4617-801F-57F0C48667B9}.Release|Any CPU.Build.0 = Release|Any CPU
		{92103DAB-C089-4EC3-B30C-5B6190FB8576}.Debug|Any CPU.ActiveCfg = Debug|Any CPU
		{92103DAB-C089-4EC3-B30C-5B6190FB8576}.Debug|Any CPU.Build.0 = Debug|Any CPU
		{92103DAB-C089-4EC3-B30C-5B6190FB8576}.Release|Any CPU.ActiveCfg = Release|Any CPU
		{92103DAB-C089-4EC3-B30C-5B6190FB8576}.Release|Any CPU.Build.0 = Release|Any CPU
		{2E32A6E6-F93A-4555-88D4-519B27CAEC96}.Debug|Any CPU.ActiveCfg = Debug|Any CPU
		{2E32A6E6-F93A-4555-88D4-519B27CAEC96}.Debug|Any CPU.Build.0 = Debug|Any CPU
		{2E32A6E6-F93A-4555-88D4-519B27CAEC96}.Release|Any CPU.ActiveCfg = Release|Any CPU
		{2E32A6E6-F93A-4555-88D4-519B27CAEC96}.Release|Any CPU.Build.0 = Release|Any CPU
		{5DE50A16-8EC9-4173-BCEB-2FEEE734621D}.Debug|Any CPU.ActiveCfg = Debug|Any CPU
		{5DE50A16-8EC9-4173-BCEB-2FEEE734621D}.Debug|Any CPU.Build.0 = Debug|Any CPU
		{5DE50A16-8EC9-4173-BCEB-2FEEE734621D}.Release|Any CPU.ActiveCfg = Release|Any CPU
		{5DE50A16-8EC9-4173-BCEB-2FEEE734621D}.Release|Any CPU.Build.0 = Release|Any CPU
	EndGlobalSection
	GlobalSection(SolutionProperties) = preSolution
		HideSolutionNode = FALSE
	EndGlobalSection
	GlobalSection(NestedProjects) = preSolution
		{597F28DD-82AA-4558-A2B0-718EF3EE85F6} = {76EF7128-3FEC-474F-9B95-C6BC94E9EEEF}
		{ECE30D29-4B1F-4729-BEAA-B3B3D50C6785} = {76EF7128-3FEC-474F-9B95-C6BC94E9EEEF}
		{FB57AB9D-7A2D-4203-8589-A38766520537} = {04365CD9-2348-420B-B3F9-441E02D45424}
		{6C7A987C-2227-4FF1-AE6B-DD1F5AFDC6B6} = {04365CD9-2348-420B-B3F9-441E02D45424}
		{91CE0D25-688A-4956-BDCF-3F71F0B55DF0} = {6C7A987C-2227-4FF1-AE6B-DD1F5AFDC6B6}
		{954C126C-5971-4DA6-B2E6-47A49B4DCFF7} = {6C7A987C-2227-4FF1-AE6B-DD1F5AFDC6B6}
		{F53A092B-F67A-4617-801F-57F0C48667B9} = {6C7A987C-2227-4FF1-AE6B-DD1F5AFDC6B6}
		{92103DAB-C089-4EC3-B30C-5B6190FB8576} = {FB57AB9D-7A2D-4203-8589-A38766520537}
		{2E32A6E6-F93A-4555-88D4-519B27CAEC96} = {FB57AB9D-7A2D-4203-8589-A38766520537}
		{5DE50A16-8EC9-4173-BCEB-2FEEE734621D} = {FB57AB9D-7A2D-4203-8589-A38766520537}
	EndGlobalSection
	GlobalSection(ExtensibilityGlobals) = postSolution
		SolutionGuid = {BCF034D9-1207-457A-AB4E-294808CA5423}
	EndGlobalSection
EndGlobal
